
Microsoft Visual Studio Solution File, Format Version 12.00
# Visual Studio Version 17
VisualStudioVersion = 17.13.35931.197 d17.13
MinimumVisualStudioVersion = 10.0.40219.1
Project("{FAE04EC0-301F-11D3-BF4B-00C04F79EFBC}") = "MedicalConnect", "MedicalConnect.csproj", "{63566AA5-C24B-422D-BB72-ECD961C5BADD}"
EndProject
Global
	GlobalSection(SolutionConfigurationPlatforms) = preSolution
		Debug|Any CPU = Debug|Any CPU
		Release|Any CPU = Release|Any CPU
	EndGlobalSection
	GlobalSection(ProjectConfigurationPlatforms) = postSolution
		{63566AA5-C24B-422D-BB72-ECD961C5BADD}.Debug|Any CPU.ActiveCfg = Debug|Any CPU
		{63566AA5-C24B-422D-BB72-ECD961C5BADD}.Debug|Any CPU.Build.0 = Debug|Any CPU
		{63566AA5-C24B-422D-BB72-ECD961C5BADD}.Release|Any CPU.ActiveCfg = Release|Any CPU
		{63566AA5-C24B-422D-BB72-ECD961C5BADD}.Release|Any CPU.Build.0 = Release|Any CPU
	EndGlobalSection
	GlobalSection(SolutionProperties) = preSolution
		HideSolutionNode = FALSE
	EndGlobalSection
	GlobalSection(ExtensibilityGlobals) = postSolution
		SolutionGuid = {3D72BB2E-1892-4E79-B9C6-0230E75CFB59}
	EndGlobalSection
EndGlobal
